
Microsoft Visual Studio Solution File, Format Version 12.00
# Visual Studio Version 16
VisualStudioVersion = 16.0.28803.156
MinimumVisualStudioVersion = 10.0.40219.1
Project("{FAE04EC0-301F-11D3-BF4B-00C04F79EFBC}") = "ZachotPls", "ZachotPls\ZachotPls.csproj", "{CE24E6DC-E587-4776-8BD9-DCC894F9FC5A}"
EndProject
Global
	GlobalSection(SolutionConfigurationPlatforms) = preSolution
		Debug|Any CPU = Debug|Any CPU
		Release|Any CPU = Release|Any CPU
	EndGlobalSection
	GlobalSection(ProjectConfigurationPlatforms) = postSolution
		{CE24E6DC-E587-4776-8BD9-DCC894F9FC5A}.Debug|Any CPU.ActiveCfg = Debug|Any CPU
		{CE24E6DC-E587-4776-8BD9-DCC894F9FC5A}.Debug|Any CPU.Build.0 = Debug|Any CPU
		{CE24E6DC-E587-4776-8BD9-DCC894F9FC5A}.Release|Any CPU.ActiveCfg = Release|Any CPU
		{CE24E6DC-E587-4776-8BD9-DCC894F9FC5A}.Release|Any CPU.Build.0 = Release|Any CPU
	EndGlobalSection
	GlobalSection(SolutionProperties) = preSolution
		HideSolutionNode = FALSE
	EndGlobalSection
	GlobalSection(ExtensibilityGlobals) = postSolution
		SolutionGuid = {F9EB98BC-04AA-48CA-8304-B7102CC7D0A2}
	EndGlobalSection
EndGlobal
